
Microsoft Visual Studio Solution File, Format Version 12.00
# Visual Studio Version 17
VisualStudioVersion = 17.6.33723.286
MinimumVisualStudioVersion = 10.0.40219.1
Project("{8BC9CEB8-8B4A-11D0-8D11-00A0C91BC942}") = "remap", "remap\remap.vcxproj", "{EF8D1C34-5D14-E565-3D1E-C26038B139A2}"
EndProject
Global
	GlobalSection(SolutionConfigurationPlatforms) = preSolution
		Release|x64 = Release|x64
		Release|x86 = Release|x86
	EndGlobalSection
	GlobalSection(ProjectConfigurationPlatforms) = postSolution
		{EF8D1C34-5D14-E565-3D1E-C26038B139A2}.Release|x64.ActiveCfg = Release|x64
		{EF8D1C34-5D14-E565-3D1E-C26038B139A2}.Release|x64.Build.0 = Release|x64
		{EF8D1C34-5D14-E565-3D1E-C26038B139A2}.Release|x86.ActiveCfg = Release|Win32
		{EF8D1C34-5D14-E565-3D1E-C26038B139A2}.Release|x86.Build.0 = Release|Win32
	EndGlobalSection
	GlobalSection(SolutionProperties) = preSolution
		HideSolutionNode = FALSE
	EndGlobalSection
	GlobalSection(ExtensibilityGlobals) = postSolution
		    SolutionGuid = {02CBAC98-6E29-4905-AFD0-58F888300D18}
		        SolutionGuid = {57A26A32-842E-4E42-A665-AEA0F9F88593}
	EndGlobalSection
EndGlobal
